
Microsoft Visual Studio Solution File, Format Version 12.00
# Visual Studio Version 16
VisualStudioVersion = 16.0.28922.388
MinimumVisualStudioVersion = 10.0.40219.1
Project("{FAE04EC0-301F-11D3-BF4B-00C04F79EFBC}") = "Producteur_Consomateur_WPF", "Producteur_Consomateur_WPF\Producteur_Consomateur_WPF.csproj", "{37465FF7-37C8-481F-BE92-D68DBE5ECE20}"
EndProject
Global
	GlobalSection(SolutionConfigurationPlatforms) = preSolution
		Debug|Any CPU = Debug|Any CPU
		Release|Any CPU = Release|Any CPU
	EndGlobalSection
	GlobalSection(ProjectConfigurationPlatforms) = postSolution
		{37465FF7-37C8-481F-BE92-D68DBE5ECE20}.Debug|Any CPU.ActiveCfg = Debug|Any CPU
		{37465FF7-37C8-481F-BE92-D68DBE5ECE20}.Debug|Any CPU.Build.0 = Debug|Any CPU
		{37465FF7-37C8-481F-BE92-D68DBE5ECE20}.Release|Any CPU.ActiveCfg = Release|Any CPU
		{37465FF7-37C8-481F-BE92-D68DBE5ECE20}.Release|Any CPU.Build.0 = Release|Any CPU
	EndGlobalSection
	GlobalSection(SolutionProperties) = preSolution
		HideSolutionNode = FALSE
	EndGlobalSection
	GlobalSection(ExtensibilityGlobals) = postSolution
		SolutionGuid = {A2051D18-56BE-4B6D-A6BC-B321E6E0ACBD}
	EndGlobalSection
EndGlobal
